<?xml version="1.0" encoding="utf-8"?>
<Project ToolsVersion="4.0" xmlns="http://schemas.microsoft.com/developer/msbuild/2003">
  <ItemGroup>
    <Filter Include="Source Files">
      <UniqueIdentifier>{4FC737F1-C7A5-4376-A066-2A32D752A2FF}</UniqueIdentifier>
      <Extensions>cpp;c;cc;cxx;c++;def;odl;idl;hpj;bat;asm;asmx</Extensions>
    </Filter>
    <Filter Include="Header Files">
      <UniqueIdentifier>{93995380-89BD-4b04-88EB-625FBE52EBFB}</UniqueIdentifier>
      <Extensions>h;hh;hpp;hxx;h++;hm;inl;inc;ipp;xsd</Extensions>
    </Filter>
    <Filter Include="Resource Files">
      <UniqueIdentifier>{67DA6AB6-F800-4c08-8B7A-83BB121AAD01}</UniqueIdentifier>
      <Extensions>rc;ico;cur;bmp;dlg;rc2;rct;bin;rgs;gif;jpg;jpeg;jpe;resx;tiff;tif;png;wav;mfcribbon-ms</Extensions>
    </Filter>
    <Filter Include="utilities">
      <UniqueIdentifier>{70ac1644-17f6-451d-9ed3-96ca4411cca7}</UniqueIdentifier>
    </Filter>
    <Filter Include="Resource Files\textures">
      <UniqueIdentifier>{0a61c1ea-cdf4-4d08-940a-8b694c4de4b1}</UniqueIdentifier>
    </Filter>
    <Filter Include="Resource Files\textures\cars">
      <UniqueIdentifier>{5c1ad2ef-c921-4821-b1d3-16d5e16d49cf}</UniqueIdentifier>
    </Filter>
  </ItemGroup>
  <ItemGroup>
    <ClCompile Include="Car(d)Battle.cpp">
      <Filter>Source Files</Filter>
    </ClCompile>
    <ClCompile Include="Cards.cpp">
      <Filter>Source Files</Filter>
    </ClCompile>
    <ClCompile Include="stdafx.cpp">
      <Filter>Source Files</Filter>
    </ClCompile>
    <ClCompile Include="WorkBook.cpp">
      <Filter>Source Files</Filter>
    </ClCompile>
    <ClCompile Include="Card.cpp">
      <Filter>Source Files</Filter>
    </ClCompile>
    <ClCompile Include="utilities\Bitmap.cpp">
      <Filter>utilities</Filter>
    </ClCompile>
    <ClCompile Include="utilities\lodepng.cpp">
      <Filter>utilities</Filter>
    </ClCompile>
    <ClCompile Include="utilities\Texture.cpp">
      <Filter>utilities</Filter>
    </ClCompile>
    <ClCompile Include="Scene.cpp">
      <Filter>Source Files</Filter>
    </ClCompile>
    <ClCompile Include="Game.cpp">
      <Filter>Source Files</Filter>
    </ClCompile>
    <ClCompile Include="utilities\Vec3.cpp">
      <Filter>utilities</Filter>
    </ClCompile>
  </ItemGroup>
  <ItemGroup>
    <ClInclude Include="Cards.h">
      <Filter>Header Files</Filter>
    </ClInclude>
    <ClInclude Include="stdafx.h">
      <Filter>Header Files</Filter>
    </ClInclude>
    <ClInclude Include="targetver.h">
      <Filter>Header Files</Filter>
    </ClInclude>
    <ClInclude Include="WorkBook.h">
      <Filter>Header Files</Filter>
    </ClInclude>
    <ClInclude Include="Card.h">
      <Filter>Header Files</Filter>
    </ClInclude>
    <ClInclude Include="utilities\Bitmap.h">
      <Filter>utilities</Filter>
    </ClInclude>
    <ClInclude Include="utilities\lodepng.h">
      <Filter>utilities</Filter>
    </ClInclude>
    <ClInclude Include="utilities\Texture.h">
      <Filter>utilities</Filter>
    </ClInclude>
    <ClInclude Include="Scene.h">
      <Filter>Header Files</Filter>
    </ClInclude>
    <ClInclude Include="Game.h">
      <Filter>Header Files</Filter>
    </ClInclude>
    <ClInclude Include="utilities\Vec3.h">
      <Filter>utilities</Filter>
    </ClInclude>
  </ItemGroup>
  <ItemGroup>
    <Image Include="textures\tlo3.png">
      <Filter>Resource Files\textures</Filter>
    </Image>
    <Image Include="textures\kartadol.bmp">
      <Filter>Resource Files\textures</Filter>
    </Image>
    <Image Include="textures\kartadol.png">
      <Filter>Resource Files\textures</Filter>
    </Image>
    <Image Include="textures\kartatyl.bmp">
      <Filter>Resource Files\textures</Filter>
    </Image>
    <Image Include="textures\kartatyl.png">
      <Filter>Resource Files\textures</Filter>
    </Image>
    <Image Include="textures\test.bmp">
      <Filter>Resource Files\textures</Filter>
    </Image>
    <Image Include="textures\tlo3.bmp">
      <Filter>Resource Files\textures</Filter>
    </Image>
    <Image Include="textures\cars\6.bmp">
      <Filter>Resource Files\textures\cars</Filter>
    </Image>
    <Image Include="textures\cars\6.png">
      <Filter>Resource Files\textures\cars</Filter>
    </Image>
    <Image Include="textures\cars\308.bmp">
      <Filter>Resource Files\textures\cars</Filter>
    </Image>
    <Image Include="textures\cars\308.png">
      <Filter>Resource Files\textures\cars</Filter>
    </Image>
    <Image Include="textures\cars\c3.bmp">
      <Filter>Resource Files\textures\cars</Filter>
    </Image>
    <Image Include="textures\cars\c3.png">
      <Filter>Resource Files\textures\cars</Filter>
    </Image>
    <Image Include="textures\cars\c6.bmp">
      <Filter>Resource Files\textures\cars</Filter>
    </Image>
    <Image Include="textures\cars\c6.png">
      <Filter>Resource Files\textures\cars</Filter>
    </Image>
    <Image Include="textures\cars\ceed.bmp">
      <Filter>Resource Files\textures\cars</Filter>
    </Image>
    <Image Include="textures\cars\ceed.png">
      <Filter>Resource Files\textures\cars</Filter>
    </Image>
    <Image Include="textures\cars\civic.bmp">
      <Filter>Resource Files\textures\cars</Filter>
    </Image>
    <Image Include="textures\cars\civic.png">
      <Filter>Resource Files\textures\cars</Filter>
    </Image>
    <Image Include="textures\cars\cooper.bmp">
      <Filter>Resource Files\textures\cars</Filter>
    </Image>
    <Image Include="textures\cars\cooper.png">
      <Filter>Resource Files\textures\cars</Filter>
    </Image>
    <Image Include="textures\cars\corolla.bmp">
      <Filter>Resource Files\textures\cars</Filter>
    </Image>
    <Image Include="textures\cars\corolla.png">
      <Filter>Resource Files\textures\cars</Filter>
    </Image>
    <Image Include="textures\cars\e60.bmp">
      <Filter>Resource Files\textures\cars</Filter>
    </Image>
    <Image Include="textures\cars\e60.png">
      <Filter>Resource Files\textures\cars</Filter>
    </Image>
    <Image Include="textures\cars\eclass.bmp">
      <Filter>Resource Files\textures\cars</Filter>
    </Image>
    <Image Include="textures\cars\eclass.png">
      <Filter>Resource Files\textures\cars</Filter>
    </Image>
    <Image Include="textures\cars\giulia.bmp">
      <Filter>Resource Files\textures\cars</Filter>
    </Image>
    <Image Include="textures\cars\giulia.png">
      <Filter>Resource Files\textures\cars</Filter>
    </Image>
    <Image Include="textures\cars\i20.bmp">
      <Filter>Resource Files\textures\cars</Filter>
    </Image>
    <Image Include="textures\cars\i20.png">
      <Filter>Resource Files\textures\cars</Filter>
    </Image>
    <Image Include="textures\cars\ibiza.bmp">
      <Filter>Resource Files\textures\cars</Filter>
    </Image>
    <Image Include="textures\cars\ibiza.png">
      <Filter>Resource Files\textures\cars</Filter>
    </Image>
    <Image Include="textures\cars\impreza.bmp">
      <Filter>Resource Files\textures\cars</Filter>
    </Image>
    <Image Include="textures\cars\impreza.png">
      <Filter>Resource Files\textures\cars</Filter>
    </Image>
    <Image Include="textures\cars\insignia.bmp">
      <Filter>Resource Files\textures\cars</Filter>
    </Image>
    <Image Include="textures\cars\insignia.png">
      <Filter>Resource Files\textures\cars</Filter>
    </Image>
    <Image Include="textures\cars\is.bmp">
      <Filter>Resource Files\textures\cars</Filter>
    </Image>
    <Image Include="textures\cars\is.png">
      <Filter>Resource Files\textures\cars</Filter>
    </Image>
    <Image Include="textures\cars\logan.bmp">
      <Filter>Resource Files\textures\cars</Filter>
    </Image>
    <Image Include="textures\cars\logan.png">
      <Filter>Resource Files\textures\cars</Filter>
    </Image>
    <Image Include="textures\cars\octavia.bmp">
      <Filter>Resource Files\textures\cars</Filter>
    </Image>
    <Image Include="textures\cars\octavia.png">
      <Filter>Resource Files\textures\cars</Filter>
    </Image>
    <Image Include="textures\cars\panda.bmp">
      <Filter>Resource Files\textures\cars</Filter>
    </Image>
    <Image Include="textures\cars\panda.png">
      <Filter>Resource Files\textures\cars</Filter>
    </Image>
    <Image Include="textures\cars\passat.bmp">
      <Filter>Resource Files\textures\cars</Filter>
    </Image>
    <Image Include="textures\cars\passat.png">
      <Filter>Resource Files\textures\cars</Filter>
    </Image>
    <Image Include="textures\cars\rx8.bmp">
      <Filter>Resource Files\textures\cars</Filter>
    </Image>
    <Image Include="textures\cars\rx8.png">
      <Filter>Resource Files\textures\cars</Filter>
    </Image>
    <Image Include="textures\cars\s40.bmp">
      <Filter>Resource Files\textures\cars</Filter>
    </Image>
    <Image Include="textures\cars\s40.png">
      <Filter>Resource Files\textures\cars</Filter>
    </Image>
    <Image Include="textures\cars\smax.bmp">
      <Filter>Resource Files\textures\cars</Filter>
    </Image>
    <Image Include="textures\cars\smax.png">
      <Filter>Resource Files\textures\cars</Filter>
    </Image>
    <Image Include="textures\cars\swift.bmp">
      <Filter>Resource Files\textures\cars</Filter>
    </Image>
    <Image Include="textures\cars\swift.png">
      <Filter>Resource Files\textures\cars</Filter>
    </Image>
  </ItemGroup>
  <ItemGroup>
    <None Include="carlist.xls">
      <Filter>Resource Files</Filter>
    </None>
  </ItemGroup>
</Project>